Microsoft Visual Studio Solution File, Format Version 12.00
# Visual Studio Version 17
VisualStudioVersion = 17.5.2.0
MinimumVisualStudioVersion = 10.0.40219.1
Project("{FAE04EC0-301F-11D3-BF4B-00C04F79EFBC}") = "SmoothFrames", "SmoothFrames.csproj", "{34000034-0F9B-4E5C-8C6D-11A2A0F5F401}"
EndProject
Global
	GlobalSection(SolutionConfigurationPlatforms) = preSolution
		Debug|Any CPU = Debug|Any CPU
		Release|Any CPU = Release|Any CPU
	EndGlobalSection
	GlobalSection(ProjectConfigurationPlatforms) = postSolution
		{34000034-0F9B-4E5C-8C6D-11A2A0F5F401}.Debug|Any CPU.ActiveCfg = Debug|Any CPU
		{34000034-0F9B-4E5C-8C6D-11A2A0F5F401}.Debug|Any CPU.Build.0 = Debug|Any CPU
		{34000034-0F9B-4E5C-8C6D-11A2A0F5F401}.Release|Any CPU.ActiveCfg = Release|Any CPU
		{34000034-0F9B-4E5C-8C6D-11A2A0F5F401}.Release|Any CPU.Build.0 = Release|Any CPU
	EndGlobalSection
	GlobalSection(SolutionProperties) = preSolution
		HideSolutionNode = FALSE
	EndGlobalSection
	GlobalSection(ExtensibilityGlobals) = postSolution
		SolutionGuid = {34000034-E347-48DC-B235-4AA49B03D985}
	EndGlobalSection
EndGlobal
